
Microsoft Visual Studio Solution File, Format Version 12.00
# Visual Studio 15
VisualStudioVersion = 15.0.27703.2035
MinimumVisualStudioVersion = 10.0.40219.1
Project("{FAE04EC0-301F-11D3-BF4B-00C04F79EFBC}") = "Bert.RateLimiters", "src\Bert.RateLimiters\Bert.RateLimiters.csproj", "{C63422EE-6203-462E-ACB7-E61751DDC509}"
EndProject
Project("{FAE04EC0-301F-11D3-BF4B-00C04F79EFBC}") = "Bert.RateLimiters.Tests", "src\Bert.RateLimiters.Tests\Bert.RateLimiters.Tests.csproj", "{9FB3A9E5-19AE-4CEC-9F7E-9F0213F3C078}"
EndProject
Global
	GlobalSection(SolutionConfigurationPlatforms) = preSolution
		Debug|Any CPU = Debug|Any CPU
		Release|Any CPU = Release|Any CPU
	EndGlobalSection
	GlobalSection(ProjectConfigurationPlatforms) = postSolution
		{C63422EE-6203-462E-ACB7-E61751DDC509}.Debug|Any CPU.ActiveCfg = Debug|Any CPU
		{C63422EE-6203-462E-ACB7-E61751DDC509}.Debug|Any CPU.Build.0 = Debug|Any CPU
		{C63422EE-6203-462E-ACB7-E61751DDC509}.Release|Any CPU.ActiveCfg = Release|Any CPU
		{C63422EE-6203-462E-ACB7-E61751DDC509}.Release|Any CPU.Build.0 = Release|Any CPU
		{9FB3A9E5-19AE-4CEC-9F7E-9F0213F3C078}.Debug|Any CPU.ActiveCfg = Debug|Any CPU
		{9FB3A9E5-19AE-4CEC-9F7E-9F0213F3C078}.Debug|Any CPU.Build.0 = Debug|Any CPU
		{9FB3A9E5-19AE-4CEC-9F7E-9F0213F3C078}.Release|Any CPU.ActiveCfg = Release|Any CPU
		{9FB3A9E5-19AE-4CEC-9F7E-9F0213F3C078}.Release|Any CPU.Build.0 = Release|Any CPU
	EndGlobalSection
	GlobalSection(SolutionProperties) = preSolution
		HideSolutionNode = FALSE
	EndGlobalSection
	GlobalSection(ExtensibilityGlobals) = postSolution
		SolutionGuid = {07704731-2E5A-43C5-A979-3054986E39EC}
	EndGlobalSection
EndGlobal
